
Microsoft Visual Studio Solution File, Format Version 12.00
# Visual Studio Version 16
VisualStudioVersion = 16.0.30503.244
MinimumVisualStudioVersion = 10.0.40219.1
Project("{FAE04EC0-301F-11D3-BF4B-00C04F79EFBC}") = "PracticaGit", "PracticaGit\PracticaGit.csproj", "{32FA560A-6C80-495E-B5C3-843F2CDA2E8E}"
EndProject
Global
	GlobalSection(SolutionConfigurationPlatforms) = preSolution
		Debug|Any CPU = Debug|Any CPU
		Release|Any CPU = Release|Any CPU
	EndGlobalSection
	GlobalSection(ProjectConfigurationPlatforms) = postSolution
		{32FA560A-6C80-495E-B5C3-843F2CDA2E8E}.Debug|Any CPU.ActiveCfg = Debug|Any CPU
		{32FA560A-6C80-495E-B5C3-843F2CDA2E8E}.Debug|Any CPU.Build.0 = Debug|Any CPU
		{32FA560A-6C80-495E-B5C3-843F2CDA2E8E}.Release|Any CPU.ActiveCfg = Release|Any CPU
		{32FA560A-6C80-495E-B5C3-843F2CDA2E8E}.Release|Any CPU.Build.0 = Release|Any CPU
	EndGlobalSection
	GlobalSection(SolutionProperties) = preSolution
		HideSolutionNode = FALSE
	EndGlobalSection
	GlobalSection(ExtensibilityGlobals) = postSolution
		SolutionGuid = {78564DFF-925E-46D7-A2E5-E255A7D11775}
	EndGlobalSection
EndGlobal
